// !$*UTF8*$!
{
	archiveVersion = 1;
	classes = {
	};
	objectVersion = 46;
	objects = {

/* Begin PBXBuildFile section */
		9A457900169C117F01A0D8C9 /* libPods.a in Frameworks */ = {isa = PBXBuildFile; fileRef = 27CFFD62EF74EF14A137AD46 /* libPods.a */; };
		9B4E608C1B0E2776008AD776 /* main.m in Sources */ = {isa = PBXBuildFile; fileRef = 9B4E608B1B0E2776008AD776 /* main.m */; };
		9B4E608F1B0E2776008AD776 /* AppDelegate.m in Sources */ = {isa = PBXBuildFile; fileRef = 9B4E608E1B0E2776008AD776 /* AppDelegate.m */; };
		9B4E60921B0E2776008AD776 /* ViewController.m in Sources */ = {isa = PBXBuildFile; fileRef = 9B4E60911B0E2776008AD776 /* ViewController.m */; };
		9B4E60951B0E2776008AD776 /* Main.storyboard in Resources */ = {isa = PBXBuildFile; fileRef = 9B4E60931B0E2776008AD776 /* Main.storyboard */; };
		9B4E60971B0E2776008AD776 /* Images.xcassets in Resources */ = {isa = PBXBuildFile; fileRef = 9B4E60961B0E2776008AD776 /* Images.xcassets */; };
		9B4E609A1B0E2776008AD776 /* LaunchScreen.xib in Resources */ = {isa = PBXBuildFile; fileRef = 9B4E60981B0E2776008AD776 /* LaunchScreen.xib */; };
		9B4E60A61B0E2776008AD776 /* shakeTextFieldCocoaPodsTests.m in Sources */ = {isa = PBXBuildFile; fileRef = 9B4E60A51B0E2776008AD776 /* shakeTextFieldCocoaPodsTests.m */; };
		9B4E60B01B0E2793008AD776 /* Podfile in Resources */ = {isa = PBXBuildFile; fileRef = 9B4E60AF1B0E2793008AD776 /* Podfile */; };
/* End PBXBuildFile section */

/* Begin PBXContainerItemProxy section */
		9B4E60A01B0E2776008AD776 /* PBXContainerItemProxy */ = {
			isa = PBXContainerItemProxy;
			containerPortal = 9B4E607E1B0E2776008AD776 /* Project object */;
			proxyType = 1;
			remoteGlobalIDString = 9B4E60851B0E2776008AD776;
			remoteInfo = shakeTextFieldCocoaPods;
		};
/* End PBXContainerItemProxy section */

/* Begin PBXFileReference section */
		1BBE1CB128FD104ABB9D811C /* Pods.release.xcconfig */ = {isa = PBXFileReference; includeInIndex = 1; lastKnownFileType = text.xcconfig; name = Pods.release.xcconfig; path = "Pods/Target Support Files/Pods/Pods.release.xcconfig"; sourceTree = "<group>"; };
		27CFFD62EF74EF14A137AD46 /* libPods.a */ = {isa = PBXFileReference; explicitFileType = archive.ar; includeInIndex = 0; path = libPods.a; sourceTree = BUILT_PRODUCTS_DIR; };
		9B4E60861B0E2776008AD776 /* shakeTextFieldCocoaPods.app */ = {isa = PBXFileReference; explicitFileType = wrapper.application; includeInIndex = 0; path = shakeTextFieldCocoaPods.app; sourceTree = BUILT_PRODUCTS_DIR; };
		9B4E608A1B0E2776008AD776 /* Info.plist */ = {isa = PBXFileReference; lastKnownFileType = text.plist.xml; path = Info.plist; sourceTree = "<group>"; };
		9B4E608B1B0E2776008AD776 /* main.m */ = {isa = PBXFileReference; lastKnownFileType = sourcecode.c.objc; path = main.m; sourceTree = "<group>"; };
		9B4E608D1B0E2776008AD776 /* AppDelegate.h */ = {isa = PBXFileReference; lastKnownFileType = sourcecode.c.h; path = AppDelegate.h; sourceTree = "<group>"; };
		9B4E608E1B0E2776008AD776 /* AppDelegate.m */ = {isa = PBXFileReference; lastKnownFileType = sourcecode.c.objc; path = AppDelegate.m; sourceTree = "<group>"; };
		9B4E60901B0E2776008AD776 /* ViewController.h */ = {isa = PBXFileReference; lastKnownFileType = sourcecode.c.h; path = ViewController.h; sourceTree = "<group>"; };
		9B4E60911B0E2776008AD776 /* ViewController.m */ = {isa = PBXFileReference; lastKnownFileType = sourcecode.c.objc; path = ViewController.m; sourceTree = "<group>"; };
		9B4E60941B0E2776008AD776 /* Base */ = {isa = PBXFileReference; lastKnownFileType = file.storyboard; name = Base; path = Base.lproj/Main.storyboard; sourceTree = "<group>"; };
		9B4E60961B0E2776008AD776 /* Images.xcassets */ = {isa = PBXFileReference; lastKnownFileType = folder.assetcatalog; path = Images.xcassets; sourceTree = "<group>"; };
		9B4E60991B0E2776008AD776 /* Base */ = {isa = PBXFileReference; lastKnownFileType = file.xib; name = Base; path = Base.lproj/LaunchScreen.xib; sourceTree = "<group>"; };
		9B4E609F1B0E2776008AD776 /* shakeTextFieldCocoaPodsTests.xctest */ = {isa = PBXFileReference; explicitFileType = wrapper.cfbundle; includeInIndex = 0; path = shakeTextFieldCocoaPodsTests.xctest; sourceTree = BUILT_PRODUCTS_DIR; };
		9B4E60A41B0E2776008AD776 /* Info.plist */ = {isa = PBXFileReference; lastKnownFileType = text.plist.xml; path = Info.plist; sourceTree = "<group>"; };
		9B4E60A51B0E2776008AD776 /* shakeTextFieldCocoaPodsTests.m */ = {isa = PBXFileReference; lastKnownFileType = sourcecode.c.objc; path = shakeTextFieldCocoaPodsTests.m; sourceTree = "<group>"; };
		9B4E60AF1B0E2793008AD776 /* Podfile */ = {isa = PBXFileReference; fileEncoding = 4; lastKnownFileType = text; path = Podfile; sourceTree = "<group>"; xcLanguageSpecificationIdentifier = xcode.lang.ruby; };
		C6922922E20F892DFE72258E /* Pods.debug.xcconfig */ = {isa = PBXFileReference; includeInIndex = 1; lastKnownFileType = text.xcconfig; name = Pods.debug.xcconfig; path = "Pods/Target Support Files/Pods/Pods.debug.xcconfig"; sourceTree = "<group>"; };
/* End PBXFileReference section */

/* Begin PBXFrameworksBuildPhase section */
		9B4E60831B0E2776008AD776 /* Frameworks */ = {
			isa = PBXFrameworksBuildPhase;
			buildActionMask = 2147483647;
			files = (
				9A457900169C117F01A0D8C9 /* libPods.a in Frameworks */,
			);
			runOnlyForDeploymentPostprocessing = 0;
		};
		9B4E609C1B0E2776008AD776 /* Frameworks */ = {
			isa = PBXFrameworksBuildPhase;
			buildActionMask = 2147483647;
			files = (
			);
			runOnlyForDeploymentPostprocessing = 0;
		};
/* End PBXFrameworksBuildPhase section */

/* Begin PBXGroup section */
		9B4E607D1B0E2776008AD776 = {
			isa = PBXGroup;
			children = (
				9B4E60AF1B0E2793008AD776 /* Podfile */,
				9B4E60881B0E2776008AD776 /* shakeTextFieldCocoaPods */,
				9B4E60A21B0E2776008AD776 /* shakeTextFieldCocoaPodsTests */,
				9B4E60871B0E2776008AD776 /* Products */,
				BCBCCC0C915591F47BECDAC9 /* Pods */,
				B62489A99D1BED29AC742856 /* Frameworks */,
			);
			sourceTree = "<group>";
		};
		9B4E60871B0E2776008AD776 /* Products */ = {
			isa = PBXGroup;
			children = (
				9B4E60861B0E2776008AD776 /* shakeTextFieldCocoaPods.app */,
				9B4E609F1B0E2776008AD776 /* shakeTextFieldCocoaPodsTests.xctest */,
			);
			name = Products;
			sourceTree = "<group>";
		};
		9B4E60881B0E2776008AD776 /* shakeTextFieldCocoaPods */ = {
			isa = PBXGroup;
			children = (
				9B4E608D1B0E2776008AD776 /* AppDelegate.h */,
				9B4E608E1B0E2776008AD776 /* AppDelegate.m */,
				9B4E60901B0E2776008AD776 /* ViewController.h */,
				9B4E60911B0E2776008AD776 /* ViewController.m */,
				9B4E60931B0E2776008AD776 /* Main.storyboard */,
				9B4E60961B0E2776008AD776 /* Images.xcassets */,
				9B4E60981B0E2776008AD776 /* LaunchScreen.xib */,
				9B4E60891B0E2776008AD776 /* Supporting Files */,
			);
			path = shakeTextFieldCocoaPods;
			sourceTree = "<group>";
		};
		9B4E60891B0E2776008AD776 /* Supporting Files */ = {
			isa = PBXGroup;
			children = (
				9B4E608A1B0E2776008AD776 /* Info.plist */,
				9B4E608B1B0E2776008AD776 /* main.m */,
			);
			name = "Supporting Files";
			sourceTree = "<group>";
		};
		9B4E60A21B0E2776008AD776 /* shakeTextFieldCocoaPodsTests */ = {
			isa = PBXGroup;
			children = (
				9B4E60A51B0E2776008AD776 /* shakeTextFieldCocoaPodsTests.m */,
				9B4E60A31B0E2776008AD776 /* Supporting Files */,
			);
			path = shakeTextFieldCocoaPodsTests;
			sourceTree = "<group>";
		};
		9B4E60A31B0E2776008AD776 /* Supporting Files */ = {
			isa = PBXGroup;
			children = (
				9B4E60A41B0E2776008AD776 /* Info.plist */,
			);
			name = "Supporting Files";
			sourceTree = "<group>";
		};
		B62489A99D1BED29AC742856 /* Frameworks */ = {
			isa = PBXGroup;
			children = (
				27CFFD62EF74EF14A137AD46 /* libPods.a */,
			);
			name = Frameworks;
			sourceTree = "<group>";
		};
		BCBCCC0C915591F47BECDAC9 /* Pods */ = {
			isa = PBXGroup;
			children = (
				C6922922E20F892DFE72258E /* Pods.debug.xcconfig */,
				1BBE1CB128FD104ABB9D811C /* Pods.release.xcconfig */,
			);
			name = Pods;
			sourceTree = "<group>";
		};
/* End PBXGroup section */

/* Begin PBXNativeTarget section */
		9B4E60851B0E2776008AD776 /* shakeTextFieldCocoaPods */ = {
			isa = PBXNativeTarget;
			buildConfigurationList = 9B4E60A91B0E2776008AD776 /* Build configuration list for PBXNativeTarget "shakeTextFieldCocoaPods" */;
			buildPhases = (
				7085CBDAD1AE20066C421141 /* Check Pods Manifest.lock */,
				9B4E60821B0E2776008AD776 /* Sources */,
				9B4E60831B0E2776008AD776 /* Frameworks */,
				9B4E60841B0E2776008AD776 /* Resources */,
				6B6CF162A7E61144C763AFD3 /* Copy Pods Resources */,
			);
			buildRules = (
			);
			dependencies = (
			);
			name = shakeTextFieldCocoaPods;
			productName = shakeTextFieldCocoaPods;
			productReference = 9B4E60861B0E2776008AD776 /* shakeTextFieldCocoaPods.app */;
			productType = "com.apple.product-type.application";
		};
		9B4E609E1B0E2776008AD776 /* shakeTextFieldCocoaPodsTests */ = {
			isa = PBXNativeTarget;
			buildConfigurationList = 9B4E60AC1B0E2776008AD776 /* Build configuration list for PBXNativeTarget "shakeTextFieldCocoaPodsTests" */;
			buildPhases = (
				9B4E609B1B0E2776008AD776 /* Sources */,
				9B4E609C1B0E2776008AD776 /* Frameworks */,
				9B4E609D1B0E2776008AD776 /* Resources */,
			);
			buildRules = (
			);
			dependencies = (
				9B4E60A11B0E2776008AD776 /* PBXTargetDependency */,
			);
			name = shakeTextFieldCocoaPodsTests;
			productName = shakeTextFieldCocoaPodsTests;
			productReference = 9B4E609F1B0E2776008AD776 /* shakeTextFieldCocoaPodsTests.xctest */;
			productType = "com.apple.product-type.bundle.unit-test";
		};
/* End PBXNativeTarget section */

/* Begin PBXProject section */
		9B4E607E1B0E2776008AD776 /* Project object */ = {
			isa = PBXProject;
			attributes = {
				LastUpgradeCheck = 0630;
				ORGANIZATIONNAME = "Filipe Patrício";
				TargetAttributes = {
					9B4E60851B0E2776008AD776 = {
						CreatedOnToolsVersion = 6.3.1;
					};
					9B4E609E1B0E2776008AD776 = {
						CreatedOnToolsVersion = 6.3.1;
						TestTargetID = 9B4E60851B0E2776008AD776;
					};
				};
			};
			buildConfigurationList = 9B4E60811B0E2776008AD776 /* Build configuration list for PBXProject "shakeTextFieldCocoaPods" */;
			compatibilityVersion = "Xcode 3.2";
			developmentRegion = English;
			hasScannedForEncodings = 0;
			knownRegions = (
				en,
				Base,
			);
			mainGroup = 9B4E607D1B0E2776008AD776;
			productRefGroup = 9B4E60871B0E2776008AD776 /* Products */;
			projectDirPath = "";
			projectRoot = "";
			targets = (
				9B4E60851B0E2776008AD776 /* shakeTextFieldCocoaPods */,
				9B4E609E1B0E2776008AD776 /* shakeTextFieldCocoaPodsTests */,
			);
		};
/* End PBXProject section */

/* Begin PBXResourcesBuildPhase section */
		9B4E60841B0E2776008AD776 /* Resources */ = {
			isa = PBXResourcesBuildPhase;
			buildActionMask = 2147483647;
			files = (
				9B4E60951B0E2776008AD776 /* Main.storyboard in Resources */,
				9B4E609A1B0E2776008AD776 /* LaunchScreen.xib in Resources */,
				9B4E60B01B0E2793008AD776 /* Podfile in Resources */,
				9B4E60971B0E2776008AD776 /* Images.xcassets in Resources */,
			);
			runOnlyForDeploymentPostprocessing = 0;
		};
		9B4E609D1B0E2776008AD776 /* Resources */ = {
			isa = PBXResourcesBuildPhase;
			buildActionMask = 2147483647;
			files = (
			);
			runOnlyForDeploymentPostprocessing = 0;
		};
/* End PBXResourcesBuildPhase section */

/* Begin PBXShellScriptBuildPhase section */
		6B6CF162A7E61144C763AFD3 /* Copy Pods Resources */ = {
			isa = PBXShellScriptBuildPhase;
			buildActionMask = 2147483647;
			files = (
			);
			inputPaths = (
			);
			name = "Copy Pods Resources";
			outputPaths = (
			);
			runOnlyForDeploymentPostprocessing = 0;
			shellPath = /bin/sh;
			shellScript = "\"${SRCROOT}/Pods/Target Support Files/Pods/Pods-resources.sh\"\n";
			showEnvVarsInLog = 0;
		};
		7085CBDAD1AE20066C421141 /* Check Pods Manifest.lock */ = {
			isa = PBXShellScriptBuildPhase;
			buildActionMask = 2147483647;
			files = (
			);
			inputPaths = (
			);
			name = "Check Pods Manifest.lock";
			outputPaths = (
			);
			runOnlyForDeploymentPostprocessing = 0;
			shellPath = /bin/sh;
			shellScript = "diff \"${PODS_ROOT}/../Podfile.lock\" \"${PODS_ROOT}/Manifest.lock\" > /dev/null\nif [[ $? != 0 ]] ; then\n    cat << EOM\nerror: The sandbox is not in sync with the Podfile.lock. Run 'pod install' or update your CocoaPods installation.\nEOM\n    exit 1\nfi\n";
			showEnvVarsInLog = 0;
		};
/* End PBXShellScriptBuildPhase section */

/* Begin PBXSourcesBuildPhase section */
		9B4E60821B0E2776008AD776 /* Sources */ = {
			isa = PBXSourcesBuildPhase;
			buildActionMask = 2147483647;
			files = (
				9B4E60921B0E2776008AD776 /* ViewController.m in Sources */,
				9B4E608F1B0E2776008AD776 /* AppDelegate.m in Sources */,
				9B4E608C1B0E2776008AD776 /* main.m in Sources */,
			);
			runOnlyForDeploymentPostprocessing = 0;
		};
		9B4E609B1B0E2776008AD776 /* Sources */ = {
			isa = PBXSourcesBuildPhase;
			buildActionMask = 2147483647;
			files = (
				9B4E60A61B0E2776008AD776 /* shakeTextFieldCocoaPodsTests.m in Sources */,
			);
			runOnlyForDeploymentPostprocessing = 0;
		};
/* End PBXSourcesBuildPhase section */

/* Begin PBXTargetDependency section */
		9B4E60A11B0E2776008AD776 /* PBXTargetDependency */ = {
			isa = PBXTargetDependency;
			target = 9B4E60851B0E2776008AD776 /* shakeTextFieldCocoaPods */;
			targetProxy = 9B4E60A01B0E2776008AD776 /* PBXContainerItemProxy */;
		};
/* End PBXTargetDependency section */

/* Begin PBXVariantGroup section */
		9B4E60931B0E2776008AD776 /* Main.storyboard */ = {
			isa = PBXVariantGroup;
			children = (
				9B4E60941B0E2776008AD776 /* Base */,
			);
			name = Main.storyboard;
			sourceTree = "<group>";
		};
		9B4E60981B0E2776008AD776 /* LaunchScreen.xib */ = {
			isa = PBXVariantGroup;
			children = (
				9B4E60991B0E2776008AD776 /* Base */,
			);
			name = LaunchScreen.xib;
			sourceTree = "<group>";
		};
/* End PBXVariantGroup section */

/* Begin XCBuildConfiguration section */
		9B4E60A71B0E2776008AD776 /* Debug */ = {
			isa = XCBuildConfiguration;
			buildSettings = {
				ALWAYS_SEARCH_USER_PATHS = NO;
				CLANG_CXX_LANGUAGE_STANDARD = "gnu++0x";
				CLANG_CXX_LIBRARY = "libc++";
				CLANG_ENABLE_MODULES = YES;
				CLANG_ENABLE_OBJC_ARC = YES;
				CLANG_WARN_BOOL_CONVERSION = YES;
				CLANG_WARN_CONSTANT_CONVERSION = YES;
				CLANG_WARN_DIRECT_OBJC_ISA_USAGE = YES_ERROR;
				CLANG_WARN_EMPTY_BODY = YES;
				CLANG_WARN_ENUM_CONVERSION = YES;
				CLANG_WARN_INT_CONVERSION = YES;
				CLANG_WARN_OBJC_ROOT_CLASS = YES_ERROR;
				CLANG_WARN_UNREACHABLE_CODE = YES;
				CLANG_WARN__DUPLICATE_METHOD_MATCH = YES;
				"CODE_SIGN_IDENTITY[sdk=iphoneos*]" = "iPhone Developer";
				COPY_PHASE_STRIP = NO;
				DEBUG_INFORMATION_FORMAT = "dwarf-with-dsym";
				ENABLE_STRICT_OBJC_MSGSEND = YES;
				GCC_C_LANGUAGE_STANDARD = gnu99;
				GCC_DYNAMIC_NO_PIC = NO;
				GCC_NO_COMMON_BLOCKS = YES;
				GCC_OPTIMIZATION_LEVEL = 0;
				GCC_PREPROCESSOR_DEFINITIONS = (
					"DEBUG=1",
					"$(inherited)",
				);
				GCC_SYMBOLS_PRIVATE_EXTERN = NO;
				GCC_WARN_64_TO_32_BIT_CONVERSION = YES;
				GCC_WARN_ABOUT_RETURN_TYPE = YES_ERROR;
				GCC_WARN_UNDECLARED_SELECTOR = YES;
				GCC_WARN_UNINITIALIZED_AUTOS = YES_AGGRESSIVE;
				GCC_WARN_UNUSED_FUNCTION = YES;
				GCC_WARN_UNUSED_VARIABLE = YES;
				IPHONEOS_DEPLOYMENT_TARGET = 8.3;
				MTL_ENABLE_DEBUG_INFO = YES;
				ONLY_ACTIVE_ARCH = YES;
				SDKROOT = iphoneos;
			};
			name = Debug;
		};
		9B4E60A81B0E2776008AD776 /* Release */ = {
			isa = XCBuildConfiguration;
			buildSettings = {
				ALWAYS_SEARCH_USER_PATHS = NO;
				CLANG_CXX_LANGUAGE_STANDARD = "gnu++0x";
				CLANG_CXX_LIBRARY = "libc++";
				CLANG_ENABLE_MODULES = YES;
				CLANG_ENABLE_OBJC_ARC = YES;
				CLANG_WARN_BOOL_CONVERSION = YES;
				CLANG_WARN_CONSTANT_CONVERSION = YES;
				CLANG_WARN_DIRECT_OBJC_ISA_USAGE = YES_ERROR;
				CLANG_WARN_EMPTY_BODY = YES;
				CLANG_WARN_ENUM_CONVERSION = YES;
				CLANG_WARN_INT_CONVERSION = YES;
				CLANG_WARN_OBJC_ROOT_CLASS = YES_ERROR;
				CLANG_WARN_UNREACHABLE_CODE = YES;
				CLANG_WARN__DUPLICATE_METHOD_MATCH = YES;
				"CODE_SIGN_IDENTITY[sdk=iphoneos*]" = "iPhone Developer";
				COPY_PHASE_STRIP = NO;
				DEBUG_INFORMATION_FORMAT = "dwarf-with-dsym";
				ENABLE_NS_ASSERTIONS = NO;
				ENABLE_STRICT_OBJC_MSGSEND = YES;
				GCC_C_LANGUAGE_STANDARD = gnu99;
				GCC_NO_COMMON_BLOCKS = YES;
				GCC_WARN_64_TO_32_BIT_CONVERSION = YES;
				GCC_WARN_ABOUT_RETURN_TYPE = YES_ERROR;
				GCC_WARN_UNDECLARED_SELECTOR = YES;
				GCC_WARN_UNINITIALIZED_AUTOS = YES_AGGRESSIVE;
				GCC_WARN_UNUSED_FUNCTION = YES;
				GCC_WARN_UNUSED_VARIABLE = YES;
				IPHONEOS_DEPLOYMENT_TARGET = 8.3;
				MTL_ENABLE_DEBUG_INFO = NO;
				SDKROOT = iphoneos;
				VALIDATE_PRODUCT = YES;
			};
			name = Release;
		};
		9B4E60AA1B0E2776008AD776 /* Debug */ = {
			isa = XCBuildConfiguration;
			baseConfigurationReference = C6922922E20F892DFE72258E /* Pods.debug.xcconfig */;
			buildSettings = {
				ASSETCATALOG_COMPILER_APPICON_NAME = AppIcon;
				INFOPLIST_FILE = shakeTextFieldCocoaPods/Info.plist;
				LD_RUNPATH_SEARCH_PATHS = "$(inherited) @executable_path/Frameworks";
				PRODUCT_NAME = "$(TARGET_NAME)";
			};
			name = Debug;
		};
		9B4E60AB1B0E2776008AD776 /* Release */ = {
			isa = XCBuildConfiguration;
			baseConfigurationReference = 1BBE1CB128FD104ABB9D811C /* Pods.release.xcconfig */;
			buildSettings = {
				ASSETCATALOG_COMPILER_APPICON_NAME = AppIcon;
				INFOPLIST_FILE = shakeTextFieldCocoaPods/Info.plist;
				LD_RUNPATH_SEARCH_PATHS = "$(inherited) @executable_path/Frameworks";
				PRODUCT_NAME = "$(TARGET_NAME)";
			};
			name = Release;
		};
		9B4E60AD1B0E2776008AD776 /* Debug */ = {
			isa = XCBuildConfiguration;
			buildSettings = {
				BUNDLE_LOADER = "$(TEST_HOST)";
				FRAMEWORK_SEARCH_PATHS = (
					"$(SDKROOT)/Developer/Library/Frameworks",
					"$(inherited)",
				);
				GCC_PREPROCESSOR_DEFINITIONS = (
					"DEBUG=1",
					"$(inherited)",
				);
				INFOPLIST_FILE = shakeTextFieldCocoaPodsTests/Info.plist;
				LD_RUNPATH_SEARCH_PATHS = "$(inherited) @executable_path/Frameworks @loader_path/Frameworks";
				PRODUCT_NAME = "$(TARGET_NAME)";
				TEST_HOST = "$(BUILT_PRODUCTS_DIR)/shakeTextFieldCocoaPods.app/shakeTextFieldCocoaPods";
			};
			name = Debug;
		};
		9B4E60AE1B0E2776008AD776 /* Release */ = {
			isa = XCBuildConfiguration;
			buildSettings = {
				BUNDLE_LOADER = "$(TEST_HOST)";
				FRAMEWORK_SEARCH_PATHS = (
					"$(SDKROOT)/Developer/Library/Frameworks",
					"$(inherited)",
				);
				INFOPLIST_FILE = shakeTextFieldCocoaPodsTests/Info.plist;
				LD_RUNPATH_SEARCH_PATHS = "$(inherited) @executable_path/Frameworks @loader_path/Frameworks";
				PRODUCT_NAME = "$(TARGET_NAME)";
				TEST_HOST = "$(BUILT_PRODUCTS_DIR)/shakeTextFieldCocoaPods.app/shakeTextFieldCocoaPods";
			};
			name = Release;
		};
/* End XCBuildConfiguration section */

/* Begin XCConfigurationList section */
		9B4E60811B0E2776008AD776 /* Build configuration list for PBXProject "shakeTextFieldCocoaPods" */ = {
			isa = XCConfigurationList;
			buildConfigurations = (
				9B4E60A71B0E2776008AD776 /* Debug */,
				9B4E60A81B0E2776008AD776 /* Release */,
			);
			defaultConfigurationIsVisible = 0;
			defaultConfigurationName = Release;
		};
		9B4E60A91B0E2776008AD776 /* Build configuration list for PBXNativeTarget "shakeTextFieldCocoaPods" */ = {
			isa = XCConfigurationList;
			buildConfigurations = (
				9B4E60AA1B0E2776008AD776 /* Debug */,
				9B4E60AB1B0E2776008AD776 /* Release */,
			);
			defaultConfigurationIsVisible = 0;
			defaultConfigurationName = Release;
		};
		9B4E60AC1B0E2776008AD776 /* Build configuration list for PBXNativeTarget "shakeTextFieldCocoaPodsTests" */ = {
			isa = XCConfigurationList;
			buildConfigurations = (
				9B4E60AD1B0E2776008AD776 /* Debug */,
				9B4E60AE1B0E2776008AD776 /* Release */,
			);
			defaultConfigurationIsVisible = 0;
			defaultConfigurationName = Release;
		};
/* End XCConfigurationList section */
	};
	rootObject = 9B4E607E1B0E2776008AD776 /* Project object */;
}
